
Microsoft Visual Studio Solution File, Format Version 12.00
# Visual Studio Version 17
VisualStudioVersion = 17.4.33213.308
MinimumVisualStudioVersion = 10.0.40219.1
Project("{8BC9CEB8-8B4A-11D0-8D11-00A0C91BC942}") = "cpp", "Oiler\Oiler.vcxproj", "{386E4636-0F33-4FD6-A5BA-98FFB28EF64C}"
EndProject
Project("{9A19103F-16F7-4668-BE54-9A1E7A4F7556}") = "cs", "..\Sharp\Sharp\cs.csproj", "{4AF0D0EA-6933-47CC-9202-041025B0CA4C}"
EndProject
Global
	GlobalSection(SolutionConfigurationPlatforms) = preSolution
		Debug|Any CPU = Debug|Any CPU
		Debug|x64 = Debug|x64
		Debug|x86 = Debug|x86
		Release|Any CPU = Release|Any CPU
		Release|x64 = Release|x64
		Release|x86 = Release|x86
	EndGlobalSection
	GlobalSection(ProjectConfigurationPlatforms) = postSolution
		{386E4636-0F33-4FD6-A5BA-98FFB28EF64C}.Debug|Any CPU.ActiveCfg = Debug|x64
		{386E4636-0F33-4FD6-A5BA-98FFB28EF64C}.Debug|Any CPU.Build.0 = Debug|x64
		{386E4636-0F33-4FD6-A5BA-98FFB28EF64C}.Debug|x64.ActiveCfg = Debug|x64
		{386E4636-0F33-4FD6-A5BA-98FFB28EF64C}.Debug|x64.Build.0 = Debug|x64
		{386E4636-0F33-4FD6-A5BA-98FFB28EF64C}.Debug|x86.ActiveCfg = Debug|Win32
		{386E4636-0F33-4FD6-A5BA-98FFB28EF64C}.Debug|x86.Build.0 = Debug|Win32
		{386E4636-0F33-4FD6-A5BA-98FFB28EF64C}.Release|Any CPU.ActiveCfg = Release|x64
		{386E4636-0F33-4FD6-A5BA-98FFB28EF64C}.Release|Any CPU.Build.0 = Release|x64
		{386E4636-0F33-4FD6-A5BA-98FFB28EF64C}.Release|x64.ActiveCfg = Release|x64
		{386E4636-0F33-4FD6-A5BA-98FFB28EF64C}.Release|x64.Build.0 = Release|x64
		{386E4636-0F33-4FD6-A5BA-98FFB28EF64C}.Release|x86.ActiveCfg = Release|Win32
		{386E4636-0F33-4FD6-A5BA-98FFB28EF64C}.Release|x86.Build.0 = Release|Win32
		{4AF0D0EA-6933-47CC-9202-041025B0CA4C}.Debug|Any CPU.ActiveCfg = Debug|Any CPU
		{4AF0D0EA-6933-47CC-9202-041025B0CA4C}.Debug|Any CPU.Build.0 = Debug|Any CPU
		{4AF0D0EA-6933-47CC-9202-041025B0CA4C}.Debug|x64.ActiveCfg = Debug|Any CPU
		{4AF0D0EA-6933-47CC-9202-041025B0CA4C}.Debug|x64.Build.0 = Debug|Any CPU
		{4AF0D0EA-6933-47CC-9202-041025B0CA4C}.Debug|x86.ActiveCfg = Debug|Any CPU
		{4AF0D0EA-6933-47CC-9202-041025B0CA4C}.Debug|x86.Build.0 = Debug|Any CPU
		{4AF0D0EA-6933-47CC-9202-041025B0CA4C}.Release|Any CPU.ActiveCfg = Release|Any CPU
		{4AF0D0EA-6933-47CC-9202-041025B0CA4C}.Release|Any CPU.Build.0 = Release|Any CPU
		{4AF0D0EA-6933-47CC-9202-041025B0CA4C}.Release|x64.ActiveCfg = Release|Any CPU
		{4AF0D0EA-6933-47CC-9202-041025B0CA4C}.Release|x64.Build.0 = Release|Any CPU
		{4AF0D0EA-6933-47CC-9202-041025B0CA4C}.Release|x86.ActiveCfg = Release|Any CPU
		{4AF0D0EA-6933-47CC-9202-041025B0CA4C}.Release|x86.Build.0 = Release|Any CPU
	EndGlobalSection
	GlobalSection(SolutionProperties) = preSolution
		HideSolutionNode = FALSE
	EndGlobalSection
	GlobalSection(ExtensibilityGlobals) = postSolution
		SolutionGuid = {8C30D535-FDCF-47E2-97AB-ED3DC4186A28}
	EndGlobalSection
EndGlobal
